// !$*UTF8*$!
{
	archiveVersion = 1;
	classes = {
	};
	objectVersion = 46;
	objects = {

/* Begin PBXBuildFile section */
		11D31D8F1D834DDD008168CA /* main.m in Sources */ = {isa = PBXBuildFile; fileRef = 11D31D8E1D834DDD008168CA /* main.m */; };
		11D31D921D834DDD008168CA /* BBSAppDelegate.m in Sources */ = {isa = PBXBuildFile; fileRef = 11D31D911D834DDD008168CA /* BBSAppDelegate.m */; };
		11D31D951D834DDD008168CA /* BBSClientViewController.m in Sources */ = {isa = PBXBuildFile; fileRef = 11D31D941D834DDD008168CA /* BBSClientViewController.m */; };
		11D31D981D834DDD008168CA /* BBSServerViewController.m in Sources */ = {isa = PBXBuildFile; fileRef = 11D31D971D834DDD008168CA /* BBSServerViewController.m */; };
		11D31D9B1D834DDD008168CA /* Main.storyboard in Resources */ = {isa = PBXBuildFile; fileRef = 11D31D991D834DDD008168CA /* Main.storyboard */; };
		11D31D9D1D834DDD008168CA /* Assets.xcassets in Resources */ = {isa = PBXBuildFile; fileRef = 11D31D9C1D834DDD008168CA /* Assets.xcassets */; };
		11D31DA01D834DDD008168CA /* LaunchScreen.storyboard in Resources */ = {isa = PBXBuildFile; fileRef = 11D31D9E1D834DDD008168CA /* LaunchScreen.storyboard */; };
		11DC99081D85891700F96916 /* BBSMulticastSender.m in Sources */ = {isa = PBXBuildFile; fileRef = 11DC99041D85891700F96916 /* BBSMulticastSender.m */; };
		11DC990C1D85895E00F96916 /* BBSAdvertiser.m in Sources */ = {isa = PBXBuildFile; fileRef = 11DC990B1D85895E00F96916 /* BBSAdvertiser.m */; };
		11DC990F1D85899E00F96916 /* BBSBrowser.m in Sources */ = {isa = PBXBuildFile; fileRef = 11DC990E1D85899E00F96916 /* BBSBrowser.m */; };
		11DC99131D858D7100F96916 /* MCSession+Utilities.m in Sources */ = {isa = PBXBuildFile; fileRef = 11DC99121D858D7100F96916 /* MCSession+Utilities.m */; };
		11DC99181D85940B00F96916 /* 0.png in Resources */ = {isa = PBXBuildFile; fileRef = 11DC99151D85940B00F96916 /* 0.png */; };
		11DC991A1D85940B00F96916 /* 2.png in Resources */ = {isa = PBXBuildFile; fileRef = 11DC99171D85940B00F96916 /* 2.png */; };
		11DC991C1D85A71D00F96916 /* 1.png in Resources */ = {isa = PBXBuildFile; fileRef = 11DC991B1D85A71D00F96916 /* 1.png */; };
/* End PBXBuildFile section */

/* Begin PBXFileReference section */
		11D31D8A1D834DDD008168CA /* BluetoothBackupDemo.app */ = {isa = PBXFileReference; explicitFileType = wrapper.application; includeInIndex = 0; path = BluetoothBackupDemo.app; sourceTree = BUILT_PRODUCTS_DIR; };
		11D31D8E1D834DDD008168CA /* main.m */ = {isa = PBXFileReference; lastKnownFileType = sourcecode.c.objc; path = main.m; sourceTree = "<group>"; };
		11D31D901D834DDD008168CA /* BBSAppDelegate.h */ = {isa = PBXFileReference; lastKnownFileType = sourcecode.c.h; path = BBSAppDelegate.h; sourceTree = "<group>"; };
		11D31D911D834DDD008168CA /* BBSAppDelegate.m */ = {isa = PBXFileReference; lastKnownFileType = sourcecode.c.objc; path = BBSAppDelegate.m; sourceTree = "<group>"; };
		11D31D931D834DDD008168CA /* BBSClientViewController.h */ = {isa = PBXFileReference; lastKnownFileType = sourcecode.c.h; path = BBSClientViewController.h; sourceTree = "<group>"; };
		11D31D941D834DDD008168CA /* BBSClientViewController.m */ = {isa = PBXFileReference; lastKnownFileType = sourcecode.c.objc; path = BBSClientViewController.m; sourceTree = "<group>"; };
		11D31D961D834DDD008168CA /* BBSServerViewController.h */ = {isa = PBXFileReference; lastKnownFileType = sourcecode.c.h; path = BBSServerViewController.h; sourceTree = "<group>"; };
		11D31D971D834DDD008168CA /* BBSServerViewController.m */ = {isa = PBXFileReference; lastKnownFileType = sourcecode.c.objc; path = BBSServerViewController.m; sourceTree = "<group>"; };
		11D31D9A1D834DDD008168CA /* Base */ = {isa = PBXFileReference; lastKnownFileType = file.storyboard; name = Base; path = Base.lproj/Main.storyboard; sourceTree = "<group>"; };
		11D31D9C1D834DDD008168CA /* Assets.xcassets */ = {isa = PBXFileReference; lastKnownFileType = folder.assetcatalog; path = Assets.xcassets; sourceTree = "<group>"; };
		11D31D9F1D834DDD008168CA /* Base */ = {isa = PBXFileReference; lastKnownFileType = file.storyboard; name = Base; path = Base.lproj/LaunchScreen.storyboard; sourceTree = "<group>"; };
		11D31DA11D834DDD008168CA /* Info.plist */ = {isa = PBXFileReference; lastKnownFileType = text.plist.xml; path = Info.plist; sourceTree = "<group>"; };
		11DC99031D85891700F96916 /* BBSMulticastSender.h */ = {isa = PBXFileReference; fileEncoding = 4; lastKnownFileType = sourcecode.c.h; path = BBSMulticastSender.h; sourceTree = "<group>"; };
		11DC99041D85891700F96916 /* BBSMulticastSender.m */ = {isa = PBXFileReference; fileEncoding = 4; lastKnownFileType = sourcecode.c.objc; path = BBSMulticastSender.m; sourceTree = "<group>"; };
		11DC990A1D85895E00F96916 /* BBSAdvertiser.h */ = {isa = PBXFileReference; fileEncoding = 4; lastKnownFileType = sourcecode.c.h; path = BBSAdvertiser.h; sourceTree = "<group>"; };
		11DC990B1D85895E00F96916 /* BBSAdvertiser.m */ = {isa = PBXFileReference; fileEncoding = 4; lastKnownFileType = sourcecode.c.objc; path = BBSAdvertiser.m; sourceTree = "<group>"; };
		11DC990D1D85899E00F96916 /* BBSBrowser.h */ = {isa = PBXFileReference; fileEncoding = 4; lastKnownFileType = sourcecode.c.h; path = BBSBrowser.h; sourceTree = "<group>"; };
		11DC990E1D85899E00F96916 /* BBSBrowser.m */ = {isa = PBXFileReference; fileEncoding = 4; lastKnownFileType = sourcecode.c.objc; path = BBSBrowser.m; sourceTree = "<group>"; };
		11DC99101D858A7000F96916 /* BBSConstants.h */ = {isa = PBXFileReference; lastKnownFileType = sourcecode.c.h; path = BBSConstants.h; sourceTree = "<group>"; };
		11DC99111D858D7100F96916 /* MCSession+Utilities.h */ = {isa = PBXFileReference; fileEncoding = 4; lastKnownFileType = sourcecode.c.h; path = "MCSession+Utilities.h"; sourceTree = "<group>"; };
		11DC99121D858D7100F96916 /* MCSession+Utilities.m */ = {isa = PBXFileReference; fileEncoding = 4; lastKnownFileType = sourcecode.c.objc; path = "MCSession+Utilities.m"; sourceTree = "<group>"; };
		11DC99151D85940B00F96916 /* 0.png */ = {isa = PBXFileReference; lastKnownFileType = image.png; path = 0.png; sourceTree = "<group>"; };
		11DC99171D85940B00F96916 /* 2.png */ = {isa = PBXFileReference; lastKnownFileType = image.png; path = 2.png; sourceTree = "<group>"; };
		11DC991B1D85A71D00F96916 /* 1.png */ = {isa = PBXFileReference; lastKnownFileType = image.png; path = 1.png; sourceTree = "<group>"; };
/* End PBXFileReference section */

/* Begin PBXFrameworksBuildPhase section */
		11D31D871D834DDD008168CA /* Frameworks */ = {
			isa = PBXFrameworksBuildPhase;
			buildActionMask = 2147483647;
			files = (
			);
			runOnlyForDeploymentPostprocessing = 0;
		};
/* End PBXFrameworksBuildPhase section */

/* Begin PBXGroup section */
		11D31D811D834DDD008168CA = {
			isa = PBXGroup;
			children = (
				11D31D8C1D834DDD008168CA /* BluetoothBackupDemo */,
				11D31D8B1D834DDD008168CA /* Products */,
			);
			sourceTree = "<group>";
		};
		11D31D8B1D834DDD008168CA /* Products */ = {
			isa = PBXGroup;
			children = (
				11D31D8A1D834DDD008168CA /* BluetoothBackupDemo.app */,
			);
			name = Products;
			sourceTree = "<group>";
		};
		11D31D8C1D834DDD008168CA /* BluetoothBackupDemo */ = {
			isa = PBXGroup;
			children = (
				11DC99021D85891700F96916 /* BBS */,
				11D31D931D834DDD008168CA /* BBSClientViewController.h */,
				11D31D941D834DDD008168CA /* BBSClientViewController.m */,
				11D31D961D834DDD008168CA /* BBSServerViewController.h */,
				11D31D971D834DDD008168CA /* BBSServerViewController.m */,
				11D31D901D834DDD008168CA /* BBSAppDelegate.h */,
				11D31D911D834DDD008168CA /* BBSAppDelegate.m */,
				11D31D991D834DDD008168CA /* Main.storyboard */,
				11D31D9C1D834DDD008168CA /* Assets.xcassets */,
				11D31D9E1D834DDD008168CA /* LaunchScreen.storyboard */,
				11D31DA11D834DDD008168CA /* Info.plist */,
				11D31D8D1D834DDD008168CA /* Supporting Files */,
				11DC99141D85940B00F96916 /* Resources */,
			);
			path = BluetoothBackupDemo;
			sourceTree = "<group>";
		};
		11D31D8D1D834DDD008168CA /* Supporting Files */ = {
			isa = PBXGroup;
			children = (
				11D31D8E1D834DDD008168CA /* main.m */,
			);
			name = "Supporting Files";
			sourceTree = "<group>";
		};
		11DC99021D85891700F96916 /* BBS */ = {
			isa = PBXGroup;
			children = (
				11DC99101D858A7000F96916 /* BBSConstants.h */,
				11DC99031D85891700F96916 /* BBSMulticastSender.h */,
				11DC99041D85891700F96916 /* BBSMulticastSender.m */,
				11DC99051D85891700F96916 /* Categories */,
				11DC990A1D85895E00F96916 /* BBSAdvertiser.h */,
				11DC990B1D85895E00F96916 /* BBSAdvertiser.m */,
				11DC990D1D85899E00F96916 /* BBSBrowser.h */,
				11DC990E1D85899E00F96916 /* BBSBrowser.m */,
			);
			path = BBS;
			sourceTree = "<group>";
		};
		11DC99051D85891700F96916 /* Categories */ = {
			isa = PBXGroup;
			children = (
				11DC99111D858D7100F96916 /* MCSession+Utilities.h */,
				11DC99121D858D7100F96916 /* MCSession+Utilities.m */,
			);
			path = Categories;
			sourceTree = "<group>";
		};
		11DC99141D85940B00F96916 /* Resources */ = {
			isa = PBXGroup;
			children = (
				11DC99151D85940B00F96916 /* 0.png */,
				11DC991B1D85A71D00F96916 /* 1.png */,
				11DC99171D85940B00F96916 /* 2.png */,
			);
			path = Resources;
			sourceTree = "<group>";
		};
/* End PBXGroup section */

/* Begin PBXNativeTarget section */
		11D31D891D834DDD008168CA /* BluetoothBackupDemo */ = {
			isa = PBXNativeTarget;
			buildConfigurationList = 11D31DA41D834DDE008168CA /* Build configuration list for PBXNativeTarget "BluetoothBackupDemo" */;
			buildPhases = (
				11D31D861D834DDD008168CA /* Sources */,
				11D31D871D834DDD008168CA /* Frameworks */,
				11D31D881D834DDD008168CA /* Resources */,
			);
			buildRules = (
			);
			dependencies = (
			);
			name = BluetoothBackupDemo;
			productName = BluetoothBackupDemo;
			productReference = 11D31D8A1D834DDD008168CA /* BluetoothBackupDemo.app */;
			productType = "com.apple.product-type.application";
		};
/* End PBXNativeTarget section */

/* Begin PBXProject section */
		11D31D821D834DDD008168CA /* Project object */ = {
			isa = PBXProject;
			attributes = {
				CLASSPREFIX = BBS;
				LastUpgradeCheck = 0720;
				ORGANIZATIONNAME = "Alexander Snegursky";
				TargetAttributes = {
					11D31D891D834DDD008168CA = {
						CreatedOnToolsVersion = 7.2;
					};
				};
			};
			buildConfigurationList = 11D31D851D834DDD008168CA /* Build configuration list for PBXProject "BluetoothBackupDemo" */;
			compatibilityVersion = "Xcode 3.2";
			developmentRegion = English;
			hasScannedForEncodings = 0;
			knownRegions = (
				en,
				Base,
			);
			mainGroup = 11D31D811D834DDD008168CA;
			productRefGroup = 11D31D8B1D834DDD008168CA /* Products */;
			projectDirPath = "";
			projectRoot = "";
			targets = (
				11D31D891D834DDD008168CA /* BluetoothBackupDemo */,
			);
		};
/* End PBXProject section */

/* Begin PBXResourcesBuildPhase section */
		11D31D881D834DDD008168CA /* Resources */ = {
			isa = PBXResourcesBuildPhase;
			buildActionMask = 2147483647;
			files = (
				11DC991A1D85940B00F96916 /* 2.png in Resources */,
				11DC99181D85940B00F96916 /* 0.png in Resources */,
				11D31DA01D834DDD008168CA /* LaunchScreen.storyboard in Resources */,
				11D31D9D1D834DDD008168CA /* Assets.xcassets in Resources */,
				11D31D9B1D834DDD008168CA /* Main.storyboard in Resources */,
				11DC991C1D85A71D00F96916 /* 1.png in Resources */,
			);
			runOnlyForDeploymentPostprocessing = 0;
		};
/* End PBXResourcesBuildPhase section */

/* Begin PBXSourcesBuildPhase section */
		11D31D861D834DDD008168CA /* Sources */ = {
			isa = PBXSourcesBuildPhase;
			buildActionMask = 2147483647;
			files = (
				11D31D981D834DDD008168CA /* BBSServerViewController.m in Sources */,
				11D31D921D834DDD008168CA /* BBSAppDelegate.m in Sources */,
				11DC990C1D85895E00F96916 /* BBSAdvertiser.m in Sources */,
				11DC990F1D85899E00F96916 /* BBSBrowser.m in Sources */,
				11DC99131D858D7100F96916 /* MCSession+Utilities.m in Sources */,
				11D31D951D834DDD008168CA /* BBSClientViewController.m in Sources */,
				11D31D8F1D834DDD008168CA /* main.m in Sources */,
				11DC99081D85891700F96916 /* BBSMulticastSender.m in Sources */,
			);
			runOnlyForDeploymentPostprocessing = 0;
		};
/* End PBXSourcesBuildPhase section */

/* Begin PBXVariantGroup section */
		11D31D991D834DDD008168CA /* Main.storyboard */ = {
			isa = PBXVariantGroup;
			children = (
				11D31D9A1D834DDD008168CA /* Base */,
			);
			name = Main.storyboard;
			sourceTree = "<group>";
		};
		11D31D9E1D834DDD008168CA /* LaunchScreen.storyboard */ = {
			isa = PBXVariantGroup;
			children = (
				11D31D9F1D834DDD008168CA /* Base */,
			);
			name = LaunchScreen.storyboard;
			sourceTree = "<group>";
		};
/* End PBXVariantGroup section */

/* Begin XCBuildConfiguration section */
		11D31DA21D834DDE008168CA /* Debug */ = {
			isa = XCBuildConfiguration;
			buildSettings = {
				ALWAYS_SEARCH_USER_PATHS = NO;
				CLANG_CXX_LANGUAGE_STANDARD = "gnu++0x";
				CLANG_CXX_LIBRARY = "libc++";
				CLANG_ENABLE_MODULES = YES;
				CLANG_ENABLE_OBJC_ARC = YES;
				CLANG_WARN_BOOL_CONVERSION = YES;
				CLANG_WARN_CONSTANT_CONVERSION = YES;
				CLANG_WARN_DIRECT_OBJC_ISA_USAGE = YES_ERROR;
				CLANG_WARN_EMPTY_BODY = YES;
				CLANG_WARN_ENUM_CONVERSION = YES;
				CLANG_WARN_INT_CONVERSION = YES;
				CLANG_WARN_OBJC_ROOT_CLASS = YES_ERROR;
				CLANG_WARN_UNREACHABLE_CODE = YES;
				CLANG_WARN__DUPLICATE_METHOD_MATCH = YES;
				"CODE_SIGN_IDENTITY[sdk=iphoneos*]" = "iPhone Developer";
				COPY_PHASE_STRIP = NO;
				DEBUG_INFORMATION_FORMAT = dwarf;
				ENABLE_STRICT_OBJC_MSGSEND = YES;
				ENABLE_TESTABILITY = YES;
				GCC_C_LANGUAGE_STANDARD = gnu99;
				GCC_DYNAMIC_NO_PIC = NO;
				GCC_NO_COMMON_BLOCKS = YES;
				GCC_OPTIMIZATION_LEVEL = 0;
				GCC_PREPROCESSOR_DEFINITIONS = (
					"DEBUG=1",
					"$(inherited)",
				);
				GCC_WARN_64_TO_32_BIT_CONVERSION = YES;
				GCC_WARN_ABOUT_RETURN_TYPE = YES_ERROR;
				GCC_WARN_UNDECLARED_SELECTOR = YES;
				GCC_WARN_UNINITIALIZED_AUTOS = YES_AGGRESSIVE;
				GCC_WARN_UNUSED_FUNCTION = YES;
				GCC_WARN_UNUSED_VARIABLE = YES;
				IPHONEOS_DEPLOYMENT_TARGET = 9.2;
				MTL_ENABLE_DEBUG_INFO = YES;
				ONLY_ACTIVE_ARCH = YES;
				SDKROOT = iphoneos;
			};
			name = Debug;
		};
		11D31DA31D834DDE008168CA /* Release */ = {
			isa = XCBuildConfiguration;
			buildSettings = {
				ALWAYS_SEARCH_USER_PATHS = NO;
				CLANG_CXX_LANGUAGE_STANDARD = "gnu++0x";
				CLANG_CXX_LIBRARY = "libc++";
				CLANG_ENABLE_MODULES = YES;
				CLANG_ENABLE_OBJC_ARC = YES;
				CLANG_WARN_BOOL_CONVERSION = YES;
				CLANG_WARN_CONSTANT_CONVERSION = YES;
				CLANG_WARN_DIRECT_OBJC_ISA_USAGE = YES_ERROR;
				CLANG_WARN_EMPTY_BODY = YES;
				CLANG_WARN_ENUM_CONVERSION = YES;
				CLANG_WARN_INT_CONVERSION = YES;
				CLANG_WARN_OBJC_ROOT_CLASS = YES_ERROR;
				CLANG_WARN_UNREACHABLE_CODE = YES;
				CLANG_WARN__DUPLICATE_METHOD_MATCH = YES;
				"CODE_SIGN_IDENTITY[sdk=iphoneos*]" = "iPhone Developer";
				COPY_PHASE_STRIP = NO;
				DEBUG_INFORMATION_FORMAT = "dwarf-with-dsym";
				ENABLE_NS_ASSERTIONS = NO;
				ENABLE_STRICT_OBJC_MSGSEND = YES;
				GCC_C_LANGUAGE_STANDARD = gnu99;
				GCC_NO_COMMON_BLOCKS = YES;
				GCC_WARN_64_TO_32_BIT_CONVERSION = YES;
				GCC_WARN_ABOUT_RETURN_TYPE = YES_ERROR;
				GCC_WARN_UNDECLARED_SELECTOR = YES;
				GCC_WARN_UNINITIALIZED_AUTOS = YES_AGGRESSIVE;
				GCC_WARN_UNUSED_FUNCTION = YES;
				GCC_WARN_UNUSED_VARIABLE = YES;
				IPHONEOS_DEPLOYMENT_TARGET = 9.2;
				MTL_ENABLE_DEBUG_INFO = NO;
				SDKROOT = iphoneos;
				VALIDATE_PRODUCT = YES;
			};
			name = Release;
		};
		11D31DA51D834DDE008168CA /* Debug */ = {
			isa = XCBuildConfiguration;
			buildSettings = {
				ASSETCATALOG_COMPILER_APPICON_NAME = AppIcon;
				INFOPLIST_FILE = BluetoothBackupDemo/Info.plist;
				LD_RUNPATH_SEARCH_PATHS = "$(inherited) @executable_path/Frameworks";
				PRODUCT_BUNDLE_IDENTIFIER = com.smarttab.customerapp;
				PRODUCT_NAME = "$(TARGET_NAME)";
			};
			name = Debug;
		};
		11D31DA61D834DDE008168CA /* Release */ = {
			isa = XCBuildConfiguration;
			buildSettings = {
				ASSETCATALOG_COMPILER_APPICON_NAME = AppIcon;
				INFOPLIST_FILE = BluetoothBackupDemo/Info.plist;
				LD_RUNPATH_SEARCH_PATHS = "$(inherited) @executable_path/Frameworks";
				PRODUCT_BUNDLE_IDENTIFIER = com.smarttab.customerapp;
				PRODUCT_NAME = "$(TARGET_NAME)";
			};
			name = Release;
		};
/* End XCBuildConfiguration section */

/* Begin XCConfigurationList section */
		11D31D851D834DDD008168CA /* Build configuration list for PBXProject "BluetoothBackupDemo" */ = {
			isa = XCConfigurationList;
			buildConfigurations = (
				11D31DA21D834DDE008168CA /* Debug */,
				11D31DA31D834DDE008168CA /* Release */,
			);
			defaultConfigurationIsVisible = 0;
			defaultConfigurationName = Release;
		};
		11D31DA41D834DDE008168CA /* Build configuration list for PBXNativeTarget "BluetoothBackupDemo" */ = {
			isa = XCConfigurationList;
			buildConfigurations = (
				11D31DA51D834DDE008168CA /* Debug */,
				11D31DA61D834DDE008168CA /* Release */,
			);
			defaultConfigurationIsVisible = 0;
			defaultConfigurationName = Release;
		};
/* End XCConfigurationList section */
	};
	rootObject = 11D31D821D834DDD008168CA /* Project object */;
}
