PODS:
  - SVProgressHUD (1.1.3)
  - UIAlertController+Blocks (0.9)

DEPENDENCIES:
  - SVProgressHUD
  - UIAlertController+Blocks

SPEC CHECKSUMS:
  SVProgressHUD: 748080e4f36e603f6c02aec292664239df5279c1
  UIAlertController+Blocks: b48c673ff60726da468b32ab21bbc7683512d45b

PODFILE CHECKSUM: 152284d6c3ef93937e6373684de6bbb118e9bc1e

COCOAPODS: 1.0.1
